
Microsoft Visual Studio Solution File, Format Version 12.00
# Visual Studio Express 2012 for Windows Desktop
Project("{8BC9CEB8-8B4A-11D0-8D11-00A0C91BC942}") = "Picture", "Picture\Picture.vcxproj", "{BD3AF4D1-0B26-43E4-9082-86DFB24D16A2}"
EndProject
Global
	GlobalSection(SolutionConfigurationPlatforms) = preSolution
		Debug|Win32 = Debug|Win32
		Release|Win32 = Release|Win32
	EndGlobalSection
	GlobalSection(ProjectConfigurationPlatforms) = postSolution
		{BD3AF4D1-0B26-43E4-9082-86DFB24D16A2}.Debug|Win32.ActiveCfg = Debug|Win32
		{BD3AF4D1-0B26-43E4-9082-86DFB24D16A2}.Debug|Win32.Build.0 = Debug|Win32
		{BD3AF4D1-0B26-43E4-9082-86DFB24D16A2}.Release|Win32.ActiveCfg = Release|Win32
		{BD3AF4D1-0B26-43E4-9082-86DFB24D16A2}.Release|Win32.Build.0 = Release|Win32
	EndGlobalSection
	GlobalSection(SolutionProperties) = preSolution
		HideSolutionNode = FALSE
	EndGlobalSection
EndGlobal
